
Microsoft Visual Studio Solution File, Format Version 12.00
# Visual Studio 2013
VisualStudioVersion = 12.0.30723.0
MinimumVisualStudioVersion = 10.0.40219.1
Project("{FAE04EC0-301F-11D3-BF4B-00C04F79EFBC}") = "Lab", "Lab\Lab.csproj", "{0AC100D1-ED23-4FF9-87C1-C6B832A00C9A}"
EndProject
Project("{FAE04EC0-301F-11D3-BF4B-00C04F79EFBC}") = "Test", "Test\Test.csproj", "{B0A013F8-171B-4AA8-8A37-F545C54C8167}"
EndProject
Global
	GlobalSection(SolutionConfigurationPlatforms) = preSolution
		Debug|Any CPU = Debug|Any CPU
		Release|Any CPU = Release|Any CPU
	EndGlobalSection
	GlobalSection(ProjectConfigurationPlatforms) = postSolution
		{0AC100D1-ED23-4FF9-87C1-C6B832A00C9A}.Debug|Any CPU.ActiveCfg = Debug|Any CPU
		{0AC100D1-ED23-4FF9-87C1-C6B832A00C9A}.Debug|Any CPU.Build.0 = Debug|Any CPU
		{0AC100D1-ED23-4FF9-87C1-C6B832A00C9A}.Release|Any CPU.ActiveCfg = Release|Any CPU
		{0AC100D1-ED23-4FF9-87C1-C6B832A00C9A}.Release|Any CPU.Build.0 = Release|Any CPU
		{B0A013F8-171B-4AA8-8A37-F545C54C8167}.Debug|Any CPU.ActiveCfg = Debug|Any CPU
		{B0A013F8-171B-4AA8-8A37-F545C54C8167}.Debug|Any CPU.Build.0 = Debug|Any CPU
		{B0A013F8-171B-4AA8-8A37-F545C54C8167}.Release|Any CPU.ActiveCfg = Release|Any CPU
		{B0A013F8-171B-4AA8-8A37-F545C54C8167}.Release|Any CPU.Build.0 = Release|Any CPU
	EndGlobalSection
	GlobalSection(SolutionProperties) = preSolution
		HideSolutionNode = FALSE
	EndGlobalSection
EndGlobal
